
Microsoft Visual Studio Solution File, Format Version 12.00
# Visual Studio Version 16
VisualStudioVersion = 16.0.30320.27
MinimumVisualStudioVersion = 10.0.40219.1
Project("{9A19103F-16F7-4668-BE54-9A1E7A4F7556}") = "ToolGood.WordTemplate", "ToolGood.WordTemplate\ToolGood.WordTemplate.csproj", "{7C2DC981-8D2F-428E-BB8E-79BFEF00D8E5}"
EndProject
Global
	GlobalSection(SolutionConfigurationPlatforms) = preSolution
		Debug|Any CPU = Debug|Any CPU
		Release|Any CPU = Release|Any CPU
	EndGlobalSection
	GlobalSection(ProjectConfigurationPlatforms) = postSolution
		{7C2DC981-8D2F-428E-BB8E-79BFEF00D8E5}.Debug|Any CPU.ActiveCfg = Debug|Any CPU
		{7C2DC981-8D2F-428E-BB8E-79BFEF00D8E5}.Debug|Any CPU.Build.0 = Debug|Any CPU
		{7C2DC981-8D2F-428E-BB8E-79BFEF00D8E5}.Release|Any CPU.ActiveCfg = Release|Any CPU
		{7C2DC981-8D2F-428E-BB8E-79BFEF00D8E5}.Release|Any CPU.Build.0 = Release|Any CPU
	EndGlobalSection
	GlobalSection(SolutionProperties) = preSolution
		HideSolutionNode = FALSE
	EndGlobalSection
	GlobalSection(ExtensibilityGlobals) = postSolution
		SolutionGuid = {80CDE134-B2F3-4283-B5A5-9DFB5934C716}
	EndGlobalSection
EndGlobal
